# This file was autogenerated by Stack.
# You should not edit this file by hand.
# For more information, please see the documentation at:
#   https://docs.haskellstack.org/en/stable/lock_files

packages:
- completed:
    hackage: alex-3.2.4@sha256:fcf1971fb513eab886072d1f705475f04fb65261a4d81361bede9d86056b474b,4054
    pantry-tree:
      size: 5732
      sha256: 4bab0bfd073e56bbea1863758126b858a320c78fbf5b9615c0be4835d035de9e
  original:
    hackage: alex-3.2.4
- completed:
    hackage: happy-1.19.10@sha256:ab3e5fe71647b039ade49c03ff5e5eaa362730d9ba5549f55858a0cf81237931,5180
    pantry-tree:
      size: 8033
      sha256: 27dfe94b1df1434f8c730d59f58d1fb7f84582c5e681ae4ae143804cbb5eae4c
  original:
    hackage: happy-1.19.10
- completed:
    hackage: tasty-rerun-1.1.14@sha256:ba9c19a281535bea566e1044bc02c36ef17abcb310af4b6a149ec11780c7ce35,3083
    pantry-tree:
      size: 284
      sha256: f6b89e2e06d38d0a2d73c220648811a54684b476778904416b22f1ccae7eab67
  original:
    hackage: tasty-rerun-1.1.14
snapshots:
- completed:
    size: 524154
    url: https://raw.githubusercontent.com/commercialhaskell/stackage-snapshots/master/lts/14/20.yaml
    sha256: 2f5099f69ddb6abfe64400fe1e6a604e8e628f55e6837211cd70a81eb0a8fa4d
  original: lts-14.20
